dependencies:
  esp_tinyusb:
    dependencies: []
    source:
      path: C:\Users\davoud\esp\PROJECTS\ScaleBoardV1\components\esp_tinyusb
      type: local
    version: 2.0.1~1
  espressif/mdns:
    component_hash: 29e47564b1a7ee778135e17fbbf2a2773f71c97ebabfe626c8eda7c958a7ad16
    dependencies:
    - name: idf
      require: private
      version: '>=5.0'
    source:
      registry_url: https://components.espressif.com/
      type: service
    version: 1.9.1
  espressif/tinyusb:
    component_hash: 5ea9d3b6d6b0734a0a0b3491967aa0e1bece2974132294dbda5dd2839b247bfa
    dependencies:
    - name: idf
      require: private
      version: '>=5.0'
    source:
      registry_url: https://components.espressif.com/
      type: service
    targets:
    - esp32s2
    - esp32s3
    - esp32p4
    - esp32h4
    version: 0.19.0~2
  ethernet_init:
    dependencies: []
    source:
      path: C:\Users\davoud\esp\v5.5.2\esp-idf\examples\ethernet\basic\components\ethernet_init
      type: local
    version: '*'
  idf:
    source:
      type: idf
    version: 5.5.2
direct_dependencies:
- espressif/esp_tinyusb
- espressif/mdns
- espressif/tinyusb
- ethernet_init
- idf
manifest_hash: 10d2f394646b45c2fb13fb62ab2dff4e6af3286775422f8fa9614233ca288642
target: esp32s3
version: 2.0.0
